
Microsoft Visual Studio Solution File, Format Version 12.00
# Visual Studio 15
VisualStudioVersion = 15.0.26206.0
MinimumVisualStudioVersion = 10.0.40219.1
Project("{FAE04EC0-301F-11D3-BF4B-00C04F79EFBC}") = "Bolg", "Bolg\Bolg.csproj", "{5795D3D9-0715-41EC-A7A5-FE08D4269C23}"
EndProject
Project("{FAE04EC0-301F-11D3-BF4B-00C04F79EFBC}") = "Bolg.BLL", "Bolg.BLL\Bolg.BLL.csproj", "{AF74510D-094B-429A-847D-5F8094B2624F}"
EndProject
Project("{FAE04EC0-301F-11D3-BF4B-00C04F79EFBC}") = "Bolg.IBLL", "Bolg.IBLL\Bolg.IBLL.csproj", "{1A7D57B1-12D4-4F38-A75A-3894F0E36F6F}"
EndProject
Project("{FAE04EC0-301F-11D3-BF4B-00C04F79EFBC}") = "Blog.DAL", "Blog.DAL\Blog.DAL.csproj", "{8CA9D6A2-7481-453F-B1D3-D2A602FEF4C3}"
EndProject
Project("{FAE04EC0-301F-11D3-BF4B-00C04F79EFBC}") = "Blog.IDAL", "Blog.IDAL\Blog.IDAL.csproj", "{6A286330-196E-4881-B3A6-47A0D30EFF26}"
EndProject
Project("{FAE04EC0-301F-11D3-BF4B-00C04F79EFBC}") = "Blog.Models", "Blog.Models\Blog.Models.csproj", "{B3B8E8B0-FFA9-462C-8DC9-22B1A6692904}"
EndProject
Project("{FAE04EC0-301F-11D3-BF4B-00C04F79EFBC}") = "Blog.Common", "Blog.Common\Blog.Common.csproj", "{EA15C465-9E1C-4A37-B1B2-ACAB7CEF54E8}"
EndProject
Project("{FAE04EC0-301F-11D3-BF4B-00C04F79EFBC}") = "Blog.Core", "Blog.Core\Blog.Core.csproj", "{0450679E-8705-4E70-9207-2048DE25FF43}"
EndProject
Project("{FAE04EC0-301F-11D3-BF4B-00C04F79EFBC}") = "Blog.Locale", "Blog.Locale\Blog.Locale.csproj", "{D4BFDD51-AF1B-49F9-A0D5-977C69DCC414}"
EndProject
Global
	GlobalSection(SolutionConfigurationPlatforms) = preSolution
		Debug|Any CPU = Debug|Any CPU
		Release|Any CPU = Release|Any CPU
	EndGlobalSection
	GlobalSection(ProjectConfigurationPlatforms) = postSolution
		{5795D3D9-0715-41EC-A7A5-FE08D4269C23}.Debug|Any CPU.ActiveCfg = Debug|Any CPU
		{5795D3D9-0715-41EC-A7A5-FE08D4269C23}.Debug|Any CPU.Build.0 = Debug|Any CPU
		{5795D3D9-0715-41EC-A7A5-FE08D4269C23}.Release|Any CPU.ActiveCfg = Release|Any CPU
		{5795D3D9-0715-41EC-A7A5-FE08D4269C23}.Release|Any CPU.Build.0 = Release|Any CPU
		{AF74510D-094B-429A-847D-5F8094B2624F}.Debug|Any CPU.ActiveCfg = Debug|Any CPU
		{AF74510D-094B-429A-847D-5F8094B2624F}.Debug|Any CPU.Build.0 = Debug|Any CPU
		{AF74510D-094B-429A-847D-5F8094B2624F}.Release|Any CPU.ActiveCfg = Release|Any CPU
		{AF74510D-094B-429A-847D-5F8094B2624F}.Release|Any CPU.Build.0 = Release|Any CPU
		{1A7D57B1-12D4-4F38-A75A-3894F0E36F6F}.Debug|Any CPU.ActiveCfg = Debug|Any CPU
		{1A7D57B1-12D4-4F38-A75A-3894F0E36F6F}.Debug|Any CPU.Build.0 = Debug|Any CPU
		{1A7D57B1-12D4-4F38-A75A-3894F0E36F6F}.Release|Any CPU.ActiveCfg = Release|Any CPU
		{1A7D57B1-12D4-4F38-A75A-3894F0E36F6F}.Release|Any CPU.Build.0 = Release|Any CPU
		{8CA9D6A2-7481-453F-B1D3-D2A602FEF4C3}.Debug|Any CPU.ActiveCfg = Debug|Any CPU
		{8CA9D6A2-7481-453F-B1D3-D2A602FEF4C3}.Debug|Any CPU.Build.0 = Debug|Any CPU
		{8CA9D6A2-7481-453F-B1D3-D2A602FEF4C3}.Release|Any CPU.ActiveCfg = Release|Any CPU
		{8CA9D6A2-7481-453F-B1D3-D2A602FEF4C3}.Release|Any CPU.Build.0 = Release|Any CPU
		{6A286330-196E-4881-B3A6-47A0D30EFF26}.Debug|Any CPU.ActiveCfg = Debug|Any CPU
		{6A286330-196E-4881-B3A6-47A0D30EFF26}.Debug|Any CPU.Build.0 = Debug|Any CPU
		{6A286330-196E-4881-B3A6-47A0D30EFF26}.Release|Any CPU.ActiveCfg = Release|Any CPU
		{6A286330-196E-4881-B3A6-47A0D30EFF26}.Release|Any CPU.Build.0 = Release|Any CPU
		{B3B8E8B0-FFA9-462C-8DC9-22B1A6692904}.Debug|Any CPU.ActiveCfg = Debug|Any CPU
		{B3B8E8B0-FFA9-462C-8DC9-22B1A6692904}.Debug|Any CPU.Build.0 = Debug|Any CPU
		{B3B8E8B0-FFA9-462C-8DC9-22B1A6692904}.Release|Any CPU.ActiveCfg = Release|Any CPU
		{B3B8E8B0-FFA9-462C-8DC9-22B1A6692904}.Release|Any CPU.Build.0 = Release|Any CPU
		{EA15C465-9E1C-4A37-B1B2-ACAB7CEF54E8}.Debug|Any CPU.ActiveCfg = Debug|Any CPU
		{EA15C465-9E1C-4A37-B1B2-ACAB7CEF54E8}.Debug|Any CPU.Build.0 = Debug|Any CPU
		{EA15C465-9E1C-4A37-B1B2-ACAB7CEF54E8}.Release|Any CPU.ActiveCfg = Release|Any CPU
		{EA15C465-9E1C-4A37-B1B2-ACAB7CEF54E8}.Release|Any CPU.Build.0 = Release|Any CPU
		{0450679E-8705-4E70-9207-2048DE25FF43}.Debug|Any CPU.ActiveCfg = Debug|Any CPU
		{0450679E-8705-4E70-9207-2048DE25FF43}.Debug|Any CPU.Build.0 = Debug|Any CPU
		{0450679E-8705-4E70-9207-2048DE25FF43}.Release|Any CPU.ActiveCfg = Release|Any CPU
		{0450679E-8705-4E70-9207-2048DE25FF43}.Release|Any CPU.Build.0 = Release|Any CPU
		{D4BFDD51-AF1B-49F9-A0D5-977C69DCC414}.Debug|Any CPU.ActiveCfg = Debug|Any CPU
		{D4BFDD51-AF1B-49F9-A0D5-977C69DCC414}.Debug|Any CPU.Build.0 = Debug|Any CPU
		{D4BFDD51-AF1B-49F9-A0D5-977C69DCC414}.Release|Any CPU.ActiveCfg = Release|Any CPU
		{D4BFDD51-AF1B-49F9-A0D5-977C69DCC414}.Release|Any CPU.Build.0 = Release|Any CPU
	EndGlobalSection
	GlobalSection(SolutionProperties) = preSolution
		HideSolutionNode = FALSE
	EndGlobalSection
EndGlobal
